{
  "name": "ecclesia",
  "version": "2.0.9",
  "lockfileVersion": 2,
  "requires": true,
  "packages": {
    "": {
      "name": "ecclesia",
      "version": "2.0.9",
      "license": "ISC",
      "dependencies": {
        "aes256": "^1.1.0",
        "arweave": "^1.10.15",
        "axios": "^0.21.1",
        "buffer": "^6.0.3",
        "cryptico": "^1.0.2",
        "crypto-js": "^4.0.0",
        "destr": "^1.1.0",
        "js-sha256": "^0.9.0",
        "jsencrypt": "^3.2.0",
        "jsrsasign": "^10.3.0",
        "jsrsasign-util": "^1.0.5",
        "node-rsa": "^1.1.1",
        "subtle-crypto": "^0.0.0"
      }
    },
    "node_modules/aes256": {
      "version": "1.1.0",
      "resolved": "https://registry.npmjs.org/aes256/-/aes256-1.1.0.tgz",
      "integrity": "sha512-JfjTA5HEpvnn4lX9lsfgPMiV6HYqefRmvUj5MScIUeaRCbWEIT8URNpKA9ddY9iWl+Ye9oUHrdusO1cDmS/tEQ=="
    },
    "node_modules/arconnect": {
      "version": "0.2.9",
      "resolved": "https://registry.npmjs.org/arconnect/-/arconnect-0.2.9.tgz",
      "integrity": "sha512-Us49eN/+8l6BrkAPdXnJVPwWlxxUPR7QaBjA0j3OBAcioIFRpwTdoPN9FxtwDGN91lgM6ebOudTXJToRiNizoA==",
      "dependencies": {
        "arweave": "^1.10.13"
      }
    },
    "node_modules/arweave": {
      "version": "1.10.15",
      "resolved": "https://registry.npmjs.org/arweave/-/arweave-1.10.15.tgz",
      "integrity": "sha512-dzct71xkkuGIqb3Cp0HI6X9V+5AvhpCLO70MGawPZ5sZ7n1QUrTKeGuOfWOGGMZx4r4vXRxQg33PUiJScDmNhA==",
      "dependencies": {
        "arconnect": "^0.2.8",
        "asn1.js": "^5.4.1",
        "axios": "^0.21.1",
        "base64-js": "^1.3.1",
        "bignumber.js": "^9.0.1"
      },
      "engines": {
        "node": ">=11.15.0",
        "npm": ">=6.7.0"
      }
    },
    "node_modules/asn1": {
      "version": "0.2.4",
      "resolved": "https://registry.npmjs.org/asn1/-/asn1-0.2.4.tgz",
      "integrity": "sha512-jxwzQpLQjSmWXgwaCZE9Nz+glAG01yF1QnWgbhGwHI5A6FRIEY6IVqtHhIepHqI7/kyEyQEagBC5mBEFlIYvdg==",
      "dependencies": {
        "safer-buffer": "~2.1.0"
      }
    },
    "node_modules/asn1.js": {
      "version": "5.4.1",
      "resolved": "https://registry.npmjs.org/asn1.js/-/asn1.js-5.4.1.tgz",
      "integrity": "sha512-+I//4cYPccV8LdmBLiX8CYvf9Sp3vQsrqu2QNXRcrbiWvcx/UdlFiqUJJzxRQxgsZmvhXhn4cSKeSmoFjVdupA==",
      "dependencies": {
        "bn.js": "^4.0.0",
        "inherits": "^2.0.1",
        "minimalistic-assert": "^1.0.0",
        "safer-buffer": "^2.1.0"
      }
    },
    "node_modules/axios": {
      "version": "0.21.1",
      "resolved": "https://registry.npmjs.org/axios/-/axios-0.21.1.tgz",
      "integrity": "sha512-dKQiRHxGD9PPRIUNIWvZhPTPpl1rf/OxTYKsqKUDjBwYylTvV7SjSHJb9ratfyzM6wCdLCOYLzs73qpg5c4iGA==",
      "dependencies": {
        "follow-redirects": "^1.10.0"
      }
    },
    "node_modules/base64-js": {
      "version": "1.5.1",
      "resolved": "https://registry.npmjs.org/base64-js/-/base64-js-1.5.1.tgz",
      "integrity": "sha512-AKpaYlHn8t4SVbOHCy+b5+KKgvR4vrsD8vbvrbiQJps7fKDTkjkDry6ji0rUJjC0kzbNePLwzxq8iypo41qeWA==",
      "funding": [
        {
          "type": "github",
          "url": "https://github.com/sponsors/feross"
        },
        {
          "type": "patreon",
          "url": "https://www.patreon.com/feross"
        },
        {
          "type": "consulting",
          "url": "https://feross.org/support"
        }
      ]
    },
    "node_modules/bignumber.js": {
      "version": "9.0.1",
      "resolved": "https://registry.npmjs.org/bignumber.js/-/bignumber.js-9.0.1.tgz",
      "integrity": "sha512-IdZR9mh6ahOBv/hYGiXyVuyCetmGJhtYkqLBpTStdhEGjegpPlUawydyaF3pbIOFynJTpllEs+NP+CS9jKFLjA==",
      "engines": {
        "node": "*"
      }
    },
    "node_modules/bn.js": {
      "version": "4.12.0",
      "resolved": "https://registry.npmjs.org/bn.js/-/bn.js-4.12.0.tgz",
      "integrity": "sha512-c98Bf3tPniI+scsdk237ku1Dc3ujXQTSgyiPUDEOe7tRkhrqridvh8klBv0HCEso1OLOYcHuCv/cS6DNxKH+ZA=="
    },
    "node_modules/buffer": {
      "version": "6.0.3",
      "resolved": "https://registry.npmjs.org/buffer/-/buffer-6.0.3.tgz",
      "integrity": "sha512-FTiCpNxtwiZZHEZbcbTIcZjERVICn9yq/pDFkTl95/AxzD1naBctN7YO68riM/gLSDY7sdrMby8hofADYuuqOA==",
      "funding": [
        {
          "type": "github",
          "url": "https://github.com/sponsors/feross"
        },
        {
          "type": "patreon",
          "url": "https://www.patreon.com/feross"
        },
        {
          "type": "consulting",
          "url": "https://feross.org/support"
        }
      ],
      "dependencies": {
        "base64-js": "^1.3.1",
        "ieee754": "^1.2.1"
      }
    },
    "node_modules/cryptico": {
      "version": "1.0.2",
      "resolved": "https://registry.npmjs.org/cryptico/-/cryptico-1.0.2.tgz",
      "integrity": "sha1-sTENaCcMnc9Q3tVK4TRFrytkBxs="
    },
    "node_modules/crypto-js": {
      "version": "4.0.0",
      "resolved": "https://registry.npmjs.org/crypto-js/-/crypto-js-4.0.0.tgz",
      "integrity": "sha512-bzHZN8Pn+gS7DQA6n+iUmBfl0hO5DJq++QP3U6uTucDtk/0iGpXd/Gg7CGR0p8tJhofJyaKoWBuJI4eAO00BBg=="
    },
    "node_modules/destr": {
      "version": "1.1.0",
      "resolved": "https://registry.npmjs.org/destr/-/destr-1.1.0.tgz",
      "integrity": "sha512-Ev/sqS5AzzDwlpor/5wFCDu0dYMQu/0x2D6XfAsQ0E7uQmamIgYJ6Dppo2T2EOFVkeVYWjc+PCLKaqZZ57qmLg=="
    },
    "node_modules/follow-redirects": {
      "version": "1.14.1",
      "resolved": "https://registry.npmjs.org/follow-redirects/-/follow-redirects-1.14.1.tgz",
      "integrity": "sha512-HWqDgT7ZEkqRzBvc2s64vSZ/hfOceEol3ac/7tKwzuvEyWx3/4UegXh5oBOIotkGsObyk3xznnSRVADBgWSQVg==",
      "funding": [
        {
          "type": "individual",
          "url": "https://github.com/sponsors/RubenVerborgh"
        }
      ],
      "engines": {
        "node": ">=4.0"
      },
      "peerDependenciesMeta": {
        "debug": {
          "optional": true
        }
      }
    },
    "node_modules/ieee754": {
      "version": "1.2.1",
      "resolved": "https://registry.npmjs.org/ieee754/-/ieee754-1.2.1.tgz",
      "integrity": "sha512-dcyqhDvX1C46lXZcVqCpK+FtMRQVdIMN6/Df5js2zouUsqG7I6sFxitIC+7KYK29KdXOLHdu9zL4sFnoVQnqaA==",
      "funding": [
        {
          "type": "github",
          "url": "https://github.com/sponsors/feross"
        },
        {
          "type": "patreon",
          "url": "https://www.patreon.com/feross"
        },
        {
          "type": "consulting",
          "url": "https://feross.org/support"
        }
      ]
    },
    "node_modules/inherits": {
      "version": "2.0.4",
      "resolved": "https://registry.npmjs.org/inherits/-/inherits-2.0.4.tgz",
      "integrity": "sha512-k/vGaX4/Yla3WzyMCvTQOXYeIHvqOKtnqBduzTHpzpQZzAskKMhZ2K+EnBiSM9zGSoIFeMpXKxa4dYeZIQqewQ=="
    },
    "node_modules/js-sha256": {
      "version": "0.9.0",
      "resolved": "https://registry.npmjs.org/js-sha256/-/js-sha256-0.9.0.tgz",
      "integrity": "sha512-sga3MHh9sgQN2+pJ9VYZ+1LPwXOxuBJBA5nrR5/ofPfuiJBE2hnjsaN8se8JznOmGLN2p49Pe5U/ttafcs/apA=="
    },
    "node_modules/jsencrypt": {
      "version": "3.2.0",
      "resolved": "https://registry.npmjs.org/jsencrypt/-/jsencrypt-3.2.0.tgz",
      "integrity": "sha512-Y/WBrCYRP1A2I1OEXxqurO+W3AC5uXhiArprpYQ0Y8/1Dc3NaiINAyCLx7HzXGwN7xvW3s5xpeOTdwD7lD1SQQ=="
    },
    "node_modules/jsonc-parser": {
      "version": "3.0.0",
      "resolved": "https://registry.npmjs.org/jsonc-parser/-/jsonc-parser-3.0.0.tgz",
      "integrity": "sha512-fQzRfAbIBnR0IQvftw9FJveWiHp72Fg20giDrHz6TdfB12UH/uue0D3hm57UB5KgAVuniLMCaS8P1IMj9NR7cA=="
    },
    "node_modules/jsrsasign": {
      "version": "10.3.0",
      "resolved": "https://registry.npmjs.org/jsrsasign/-/jsrsasign-10.3.0.tgz",
      "integrity": "sha512-irDIKKFW++EAELgP3fjFi5/Fn0XEyfuQTTgpbeFwCGkV6tRIYZl3uraRea2HTXWCstcSZuDaCbdAhU1n+075Bg==",
      "funding": {
        "url": "https://github.com/kjur/jsrsasign#donations"
      }
    },
    "node_modules/jsrsasign-util": {
      "version": "1.0.5",
      "resolved": "https://registry.npmjs.org/jsrsasign-util/-/jsrsasign-util-1.0.5.tgz",
      "integrity": "sha512-e5Kp8aaT5GH2c5X8j4uaJruYmT4GcnaGb47nw8m60YqPywtnOtTISZ9hZgtZ3a+jh7B27bU2LCf3Y32wZyfhtQ==",
      "dependencies": {
        "jsonc-parser": ">= 0.0.1",
        "jsrsasign": ">= 4.8.2"
      }
    },
    "node_modules/minimalistic-assert": {
      "version": "1.0.1",
      "resolved": "https://registry.npmjs.org/minimalistic-assert/-/minimalistic-assert-1.0.1.tgz",
      "integrity": "sha512-UtJcAD4yEaGtjPezWuO9wC4nwUnVH/8/Im3yEHQP4b67cXlD/Qr9hdITCU1xDbSEXg2XKNaP8jsReV7vQd00/A=="
    },
    "node_modules/node-rsa": {
      "version": "1.1.1",
      "resolved": "https://registry.npmjs.org/node-rsa/-/node-rsa-1.1.1.tgz",
      "integrity": "sha512-Jd4cvbJMryN21r5HgxQOpMEqv+ooke/korixNNK3mGqfGJmy0M77WDDzo/05969+OkMy3XW1UuZsSmW9KQm7Fw==",
      "dependencies": {
        "asn1": "^0.2.4"
      }
    },
    "node_modules/safer-buffer": {
      "version": "2.1.2",
      "resolved": "https://registry.npmjs.org/safer-buffer/-/safer-buffer-2.1.2.tgz",
      "integrity": "sha512-YZo3K82SD7Riyi0E1EQPojLz7kpepnSQI9IyPbHHg1XXXevb5dJI7tpyN2ADxGcQbHG7vcyRHk0cbwqcQriUtg=="
    },
    "node_modules/subtle-crypto": {
      "version": "0.0.0",
      "resolved": "https://registry.npmjs.org/subtle-crypto/-/subtle-crypto-0.0.0.tgz",
      "integrity": "sha512-F1x1HFdCstetBCpG9t3DtYXjQYSfxc6UFb391JLi+OGdAz1NZnJWV+wb4HMMFkzrrbTd0bz8t5RBYXSnLTDM0Q=="
    }
  },
  "dependencies": {
    "aes256": {
      "version": "1.1.0",
      "resolved": "https://registry.npmjs.org/aes256/-/aes256-1.1.0.tgz",
      "integrity": "sha512-JfjTA5HEpvnn4lX9lsfgPMiV6HYqefRmvUj5MScIUeaRCbWEIT8URNpKA9ddY9iWl+Ye9oUHrdusO1cDmS/tEQ=="
    },
    "arconnect": {
      "version": "0.2.9",
      "resolved": "https://registry.npmjs.org/arconnect/-/arconnect-0.2.9.tgz",
      "integrity": "sha512-Us49eN/+8l6BrkAPdXnJVPwWlxxUPR7QaBjA0j3OBAcioIFRpwTdoPN9FxtwDGN91lgM6ebOudTXJToRiNizoA==",
      "requires": {
        "arweave": "^1.10.13"
      }
    },
    "arweave": {
      "version": "1.10.15",
      "resolved": "https://registry.npmjs.org/arweave/-/arweave-1.10.15.tgz",
      "integrity": "sha512-dzct71xkkuGIqb3Cp0HI6X9V+5AvhpCLO70MGawPZ5sZ7n1QUrTKeGuOfWOGGMZx4r4vXRxQg33PUiJScDmNhA==",
      "requires": {
        "arconnect": "^0.2.8",
        "asn1.js": "^5.4.1",
        "axios": "^0.21.1",
        "base64-js": "^1.3.1",
        "bignumber.js": "^9.0.1"
      }
    },
    "asn1": {
      "version": "0.2.4",
      "resolved": "https://registry.npmjs.org/asn1/-/asn1-0.2.4.tgz",
      "integrity": "sha512-jxwzQpLQjSmWXgwaCZE9Nz+glAG01yF1QnWgbhGwHI5A6FRIEY6IVqtHhIepHqI7/kyEyQEagBC5mBEFlIYvdg==",
      "requires": {
        "safer-buffer": "~2.1.0"
      }
    },
    "asn1.js": {
      "version": "5.4.1",
      "resolved": "https://registry.npmjs.org/asn1.js/-/asn1.js-5.4.1.tgz",
      "integrity": "sha512-+I//4cYPccV8LdmBLiX8CYvf9Sp3vQsrqu2QNXRcrbiWvcx/UdlFiqUJJzxRQxgsZmvhXhn4cSKeSmoFjVdupA==",
      "requires": {
        "bn.js": "^4.0.0",
        "inherits": "^2.0.1",
        "minimalistic-assert": "^1.0.0",
        "safer-buffer": "^2.1.0"
      }
    },
    "axios": {
      "version": "0.21.1",
      "resolved": "https://registry.npmjs.org/axios/-/axios-0.21.1.tgz",
      "integrity": "sha512-dKQiRHxGD9PPRIUNIWvZhPTPpl1rf/OxTYKsqKUDjBwYylTvV7SjSHJb9ratfyzM6wCdLCOYLzs73qpg5c4iGA==",
      "requires": {
        "follow-redirects": "^1.10.0"
      }
    },
    "base64-js": {
      "version": "1.5.1",
      "resolved": "https://registry.npmjs.org/base64-js/-/base64-js-1.5.1.tgz",
      "integrity": "sha512-AKpaYlHn8t4SVbOHCy+b5+KKgvR4vrsD8vbvrbiQJps7fKDTkjkDry6ji0rUJjC0kzbNePLwzxq8iypo41qeWA=="
    },
    "bignumber.js": {
      "version": "9.0.1",
      "resolved": "https://registry.npmjs.org/bignumber.js/-/bignumber.js-9.0.1.tgz",
      "integrity": "sha512-IdZR9mh6ahOBv/hYGiXyVuyCetmGJhtYkqLBpTStdhEGjegpPlUawydyaF3pbIOFynJTpllEs+NP+CS9jKFLjA=="
    },
    "bn.js": {
      "version": "4.12.0",
      "resolved": "https://registry.npmjs.org/bn.js/-/bn.js-4.12.0.tgz",
      "integrity": "sha512-c98Bf3tPniI+scsdk237ku1Dc3ujXQTSgyiPUDEOe7tRkhrqridvh8klBv0HCEso1OLOYcHuCv/cS6DNxKH+ZA=="
    },
    "buffer": {
      "version": "6.0.3",
      "resolved": "https://registry.npmjs.org/buffer/-/buffer-6.0.3.tgz",
      "integrity": "sha512-FTiCpNxtwiZZHEZbcbTIcZjERVICn9yq/pDFkTl95/AxzD1naBctN7YO68riM/gLSDY7sdrMby8hofADYuuqOA==",
      "requires": {
        "base64-js": "^1.3.1",
        "ieee754": "^1.2.1"
      }
    },
    "cryptico": {
      "version": "1.0.2",
      "resolved": "https://registry.npmjs.org/cryptico/-/cryptico-1.0.2.tgz",
      "integrity": "sha1-sTENaCcMnc9Q3tVK4TRFrytkBxs="
    },
    "crypto-js": {
      "version": "4.0.0",
      "resolved": "https://registry.npmjs.org/crypto-js/-/crypto-js-4.0.0.tgz",
      "integrity": "sha512-bzHZN8Pn+gS7DQA6n+iUmBfl0hO5DJq++QP3U6uTucDtk/0iGpXd/Gg7CGR0p8tJhofJyaKoWBuJI4eAO00BBg=="
    },
    "destr": {
      "version": "1.1.0",
      "resolved": "https://registry.npmjs.org/destr/-/destr-1.1.0.tgz",
      "integrity": "sha512-Ev/sqS5AzzDwlpor/5wFCDu0dYMQu/0x2D6XfAsQ0E7uQmamIgYJ6Dppo2T2EOFVkeVYWjc+PCLKaqZZ57qmLg=="
    },
    "follow-redirects": {
      "version": "1.14.1",
      "resolved": "https://registry.npmjs.org/follow-redirects/-/follow-redirects-1.14.1.tgz",
      "integrity": "sha512-HWqDgT7ZEkqRzBvc2s64vSZ/hfOceEol3ac/7tKwzuvEyWx3/4UegXh5oBOIotkGsObyk3xznnSRVADBgWSQVg=="
    },
    "ieee754": {
      "version": "1.2.1",
      "resolved": "https://registry.npmjs.org/ieee754/-/ieee754-1.2.1.tgz",
      "integrity": "sha512-dcyqhDvX1C46lXZcVqCpK+FtMRQVdIMN6/Df5js2zouUsqG7I6sFxitIC+7KYK29KdXOLHdu9zL4sFnoVQnqaA=="
    },
    "inherits": {
      "version": "2.0.4",
      "resolved": "https://registry.npmjs.org/inherits/-/inherits-2.0.4.tgz",
      "integrity": "sha512-k/vGaX4/Yla3WzyMCvTQOXYeIHvqOKtnqBduzTHpzpQZzAskKMhZ2K+EnBiSM9zGSoIFeMpXKxa4dYeZIQqewQ=="
    },
    "js-sha256": {
      "version": "0.9.0",
      "resolved": "https://registry.npmjs.org/js-sha256/-/js-sha256-0.9.0.tgz",
      "integrity": "sha512-sga3MHh9sgQN2+pJ9VYZ+1LPwXOxuBJBA5nrR5/ofPfuiJBE2hnjsaN8se8JznOmGLN2p49Pe5U/ttafcs/apA=="
    },
    "jsencrypt": {
      "version": "3.2.0",
      "resolved": "https://registry.npmjs.org/jsencrypt/-/jsencrypt-3.2.0.tgz",
      "integrity": "sha512-Y/WBrCYRP1A2I1OEXxqurO+W3AC5uXhiArprpYQ0Y8/1Dc3NaiINAyCLx7HzXGwN7xvW3s5xpeOTdwD7lD1SQQ=="
    },
    "jsonc-parser": {
      "version": "3.0.0",
      "resolved": "https://registry.npmjs.org/jsonc-parser/-/jsonc-parser-3.0.0.tgz",
      "integrity": "sha512-fQzRfAbIBnR0IQvftw9FJveWiHp72Fg20giDrHz6TdfB12UH/uue0D3hm57UB5KgAVuniLMCaS8P1IMj9NR7cA=="
    },
    "jsrsasign": {
      "version": "10.3.0",
      "resolved": "https://registry.npmjs.org/jsrsasign/-/jsrsasign-10.3.0.tgz",
      "integrity": "sha512-irDIKKFW++EAELgP3fjFi5/Fn0XEyfuQTTgpbeFwCGkV6tRIYZl3uraRea2HTXWCstcSZuDaCbdAhU1n+075Bg=="
    },
    "jsrsasign-util": {
      "version": "1.0.5",
      "resolved": "https://registry.npmjs.org/jsrsasign-util/-/jsrsasign-util-1.0.5.tgz",
      "integrity": "sha512-e5Kp8aaT5GH2c5X8j4uaJruYmT4GcnaGb47nw8m60YqPywtnOtTISZ9hZgtZ3a+jh7B27bU2LCf3Y32wZyfhtQ==",
      "requires": {
        "jsonc-parser": ">= 0.0.1",
        "jsrsasign": ">= 4.8.2"
      }
    },
    "minimalistic-assert": {
      "version": "1.0.1",
      "resolved": "https://registry.npmjs.org/minimalistic-assert/-/minimalistic-assert-1.0.1.tgz",
      "integrity": "sha512-UtJcAD4yEaGtjPezWuO9wC4nwUnVH/8/Im3yEHQP4b67cXlD/Qr9hdITCU1xDbSEXg2XKNaP8jsReV7vQd00/A=="
    },
    "node-rsa": {
      "version": "1.1.1",
      "resolved": "https://registry.npmjs.org/node-rsa/-/node-rsa-1.1.1.tgz",
      "integrity": "sha512-Jd4cvbJMryN21r5HgxQOpMEqv+ooke/korixNNK3mGqfGJmy0M77WDDzo/05969+OkMy3XW1UuZsSmW9KQm7Fw==",
      "requires": {
        "asn1": "^0.2.4"
      }
    },
    "safer-buffer": {
      "version": "2.1.2",
      "resolved": "https://registry.npmjs.org/safer-buffer/-/safer-buffer-2.1.2.tgz",
      "integrity": "sha512-YZo3K82SD7Riyi0E1EQPojLz7kpepnSQI9IyPbHHg1XXXevb5dJI7tpyN2ADxGcQbHG7vcyRHk0cbwqcQriUtg=="
    },
    "subtle-crypto": {
      "version": "0.0.0",
      "resolved": "https://registry.npmjs.org/subtle-crypto/-/subtle-crypto-0.0.0.tgz",
      "integrity": "sha512-F1x1HFdCstetBCpG9t3DtYXjQYSfxc6UFb391JLi+OGdAz1NZnJWV+wb4HMMFkzrrbTd0bz8t5RBYXSnLTDM0Q=="
    }
  }
}
